
Microsoft Visual Studio Solution File, Format Version 12.00
# Visual Studio Version 17
VisualStudioVersion = 17.5.002.0
MinimumVisualStudioVersion = 10.0.40219.1
Project("{9A19103F-16F7-4668-BE54-9A1E7A4F7556}") = "mPhotos-svelte.Server", "mPhotos-svelte.Server\mPhotos-svelte.Server.csproj", "{A6901A86-A3D7-453D-A361-632AE268E87A}"
EndProject
Global
	GlobalSection(SolutionConfigurationPlatforms) = preSolution
		Debug|Any CPU = Debug|Any CPU
		Release|Any CPU = Release|Any CPU
	EndGlobalSection
	GlobalSection(ProjectConfigurationPlatforms) = postSolution
		{A6901A86-A3D7-453D-A361-632AE268E87A}.Debug|Any CPU.ActiveCfg = Debug|Any CPU
		{A6901A86-A3D7-453D-A361-632AE268E87A}.Debug|Any CPU.Build.0 = Debug|Any CPU
		{A6901A86-A3D7-453D-A361-632AE268E87A}.Release|Any CPU.ActiveCfg = Release|Any CPU
		{A6901A86-A3D7-453D-A361-632AE268E87A}.Release|Any CPU.Build.0 = Release|Any CPU
	EndGlobalSection
	GlobalSection(SolutionProperties) = preSolution
		HideSolutionNode = FALSE
	EndGlobalSection
	GlobalSection(ExtensibilityGlobals) = postSolution
		SolutionGuid = {0C2D5425-5186-497E-A433-198919117193}
	EndGlobalSection
EndGlobal
